
Microsoft Visual Studio Solution File, Format Version 12.00
# Visual Studio 2012
Project("{FAE04EC0-301F-11D3-BF4B-00C04F79EFBC}") = "工厂方法模式", "工厂模式\工厂方法模式.csproj", "{85B5145E-7691-4490-9B41-5D3ED6943942}"
EndProject
Project("{2150E333-8FDC-42A3-9474-1A3956D46DE8}") = "工厂模式", "工厂模式", "{933AB405-2C76-4181-B01C-72EA8E06BE9C}"
EndProject
Project("{2150E333-8FDC-42A3-9474-1A3956D46DE8}") = "单例模式", "单例模式", "{5C6A9D75-56D9-457D-8809-27050C9F1528}"
EndProject
Project("{FAE04EC0-301F-11D3-BF4B-00C04F79EFBC}") = "单例模式", "单例模式\单例模式.csproj", "{1A875DA3-7492-48E6-9D44-4408DBD4F765}"
EndProject
Project("{FAE04EC0-301F-11D3-BF4B-00C04F79EFBC}") = "抽象工厂模式", "抽象工厂模式\抽象工厂模式.csproj", "{B25ED92D-B08A-4429-8213-2EBFC44B8F08}"
EndProject
Project("{2150E333-8FDC-42A3-9474-1A3956D46DE8}") = "适配器模式", "适配器模式", "{54DAF2AD-BA3A-4D6A-94D1-40D80202B194}"
EndProject
Project("{FAE04EC0-301F-11D3-BF4B-00C04F79EFBC}") = "适配器模式", "适配器模式\适配器模式.csproj", "{81BCDDB8-62D7-4AD7-8337-9D7EBE786F4F}"
EndProject
Project("{2150E333-8FDC-42A3-9474-1A3956D46DE8}") = "策略模式", "策略模式", "{F05A2D6B-1EA7-4C1D-9988-B3E62DBC1E48}"
EndProject
Project("{FAE04EC0-301F-11D3-BF4B-00C04F79EFBC}") = "策略模式", "策略模式\策略模式.csproj", "{44975E51-CECB-4C3E-B8A6-19D83AE3D4FA}"
EndProject
Project("{2150E333-8FDC-42A3-9474-1A3956D46DE8}") = "模板方法模式", "模板方法模式", "{7A707E59-0A4C-4CED-BAF1-9E203546931D}"
EndProject
Project("{FAE04EC0-301F-11D3-BF4B-00C04F79EFBC}") = "模板方法模式", "模板方法模式\模板方法模式.csproj", "{7C02FB64-AB5E-4F0D-8FA7-C8CC9FF2DBC3}"
EndProject
Project("{2150E333-8FDC-42A3-9474-1A3956D46DE8}") = "代理模式", "代理模式", "{98256578-F21B-44BF-8E57-BCDB9E7A715A}"
EndProject
Project("{FAE04EC0-301F-11D3-BF4B-00C04F79EFBC}") = "代理模式", "代理模式\代理模式.csproj", "{0974B20A-FC75-4CE6-9539-748658F0E055}"
EndProject
Global
	GlobalSection(SolutionConfigurationPlatforms) = preSolution
		Debug|Any CPU = Debug|Any CPU
		Release|Any CPU = Release|Any CPU
	EndGlobalSection
	GlobalSection(ProjectConfigurationPlatforms) = postSolution
		{85B5145E-7691-4490-9B41-5D3ED6943942}.Debug|Any CPU.ActiveCfg = Debug|Any CPU
		{85B5145E-7691-4490-9B41-5D3ED6943942}.Debug|Any CPU.Build.0 = Debug|Any CPU
		{85B5145E-7691-4490-9B41-5D3ED6943942}.Release|Any CPU.ActiveCfg = Release|Any CPU
		{85B5145E-7691-4490-9B41-5D3ED6943942}.Release|Any CPU.Build.0 = Release|Any CPU
		{1A875DA3-7492-48E6-9D44-4408DBD4F765}.Debug|Any CPU.ActiveCfg = Debug|Any CPU
		{1A875DA3-7492-48E6-9D44-4408DBD4F765}.Debug|Any CPU.Build.0 = Debug|Any CPU
		{1A875DA3-7492-48E6-9D44-4408DBD4F765}.Release|Any CPU.ActiveCfg = Release|Any CPU
		{1A875DA3-7492-48E6-9D44-4408DBD4F765}.Release|Any CPU.Build.0 = Release|Any CPU
		{B25ED92D-B08A-4429-8213-2EBFC44B8F08}.Debug|Any CPU.ActiveCfg = Debug|Any CPU
		{B25ED92D-B08A-4429-8213-2EBFC44B8F08}.Debug|Any CPU.Build.0 = Debug|Any CPU
		{B25ED92D-B08A-4429-8213-2EBFC44B8F08}.Release|Any CPU.ActiveCfg = Release|Any CPU
		{B25ED92D-B08A-4429-8213-2EBFC44B8F08}.Release|Any CPU.Build.0 = Release|Any CPU
		{81BCDDB8-62D7-4AD7-8337-9D7EBE786F4F}.Debug|Any CPU.ActiveCfg = Debug|Any CPU
		{81BCDDB8-62D7-4AD7-8337-9D7EBE786F4F}.Debug|Any CPU.Build.0 = Debug|Any CPU
		{81BCDDB8-62D7-4AD7-8337-9D7EBE786F4F}.Release|Any CPU.ActiveCfg = Release|Any CPU
		{81BCDDB8-62D7-4AD7-8337-9D7EBE786F4F}.Release|Any CPU.Build.0 = Release|Any CPU
		{44975E51-CECB-4C3E-B8A6-19D83AE3D4FA}.Debug|Any CPU.ActiveCfg = Debug|Any CPU
		{44975E51-CECB-4C3E-B8A6-19D83AE3D4FA}.Debug|Any CPU.Build.0 = Debug|Any CPU
		{44975E51-CECB-4C3E-B8A6-19D83AE3D4FA}.Release|Any CPU.ActiveCfg = Release|Any CPU
		{44975E51-CECB-4C3E-B8A6-19D83AE3D4FA}.Release|Any CPU.Build.0 = Release|Any CPU
		{7C02FB64-AB5E-4F0D-8FA7-C8CC9FF2DBC3}.Debug|Any CPU.ActiveCfg = Debug|Any CPU
		{7C02FB64-AB5E-4F0D-8FA7-C8CC9FF2DBC3}.Debug|Any CPU.Build.0 = Debug|Any CPU
		{7C02FB64-AB5E-4F0D-8FA7-C8CC9FF2DBC3}.Release|Any CPU.ActiveCfg = Release|Any CPU
		{7C02FB64-AB5E-4F0D-8FA7-C8CC9FF2DBC3}.Release|Any CPU.Build.0 = Release|Any CPU
		{0974B20A-FC75-4CE6-9539-748658F0E055}.Debug|Any CPU.ActiveCfg = Debug|Any CPU
		{0974B20A-FC75-4CE6-9539-748658F0E055}.Debug|Any CPU.Build.0 = Debug|Any CPU
		{0974B20A-FC75-4CE6-9539-748658F0E055}.Release|Any CPU.ActiveCfg = Release|Any CPU
		{0974B20A-FC75-4CE6-9539-748658F0E055}.Release|Any CPU.Build.0 = Release|Any CPU
	EndGlobalSection
	GlobalSection(SolutionProperties) = preSolution
		HideSolutionNode = FALSE
	EndGlobalSection
	GlobalSection(NestedProjects) = preSolution
		{85B5145E-7691-4490-9B41-5D3ED6943942} = {933AB405-2C76-4181-B01C-72EA8E06BE9C}
		{B25ED92D-B08A-4429-8213-2EBFC44B8F08} = {933AB405-2C76-4181-B01C-72EA8E06BE9C}
		{1A875DA3-7492-48E6-9D44-4408DBD4F765} = {5C6A9D75-56D9-457D-8809-27050C9F1528}
		{81BCDDB8-62D7-4AD7-8337-9D7EBE786F4F} = {54DAF2AD-BA3A-4D6A-94D1-40D80202B194}
		{44975E51-CECB-4C3E-B8A6-19D83AE3D4FA} = {F05A2D6B-1EA7-4C1D-9988-B3E62DBC1E48}
		{7C02FB64-AB5E-4F0D-8FA7-C8CC9FF2DBC3} = {7A707E59-0A4C-4CED-BAF1-9E203546931D}
		{0974B20A-FC75-4CE6-9539-748658F0E055} = {98256578-F21B-44BF-8E57-BCDB9E7A715A}
	EndGlobalSection
EndGlobal
